
Microsoft Visual Studio Solution File, Format Version 12.00
# Visual Studio 15
VisualStudioVersion = 15.0.28010.2036
MinimumVisualStudioVersion = 10.0.40219.1
Project("{FAE04EC0-301F-11D3-BF4B-00C04F79EFBC}") = "GarageInVoice", "GarageInVoice\GarageInVoice.csproj", "{00245947-417D-47ED-8736-EC5402E1FBEE}"
EndProject
Global
	GlobalSection(SolutionConfigurationPlatforms) = preSolution
		Debug|Any CPU = Debug|Any CPU
		Release|Any CPU = Release|Any CPU
	EndGlobalSection
	GlobalSection(ProjectConfigurationPlatforms) = postSolution
		{00245947-417D-47ED-8736-EC5402E1FBEE}.Debug|Any CPU.ActiveCfg = Debug|Any CPU
		{00245947-417D-47ED-8736-EC5402E1FBEE}.Debug|Any CPU.Build.0 = Debug|Any CPU
		{00245947-417D-47ED-8736-EC5402E1FBEE}.Release|Any CPU.ActiveCfg = Release|Any CPU
		{00245947-417D-47ED-8736-EC5402E1FBEE}.Release|Any CPU.Build.0 = Release|Any CPU
	EndGlobalSection
	GlobalSection(SolutionProperties) = preSolution
		HideSolutionNode = FALSE
	EndGlobalSection
	GlobalSection(ExtensibilityGlobals) = postSolution
		SolutionGuid = {83F5DA6A-F74A-4A74-BD50-3C1CD4CA58A0}
	EndGlobalSection
EndGlobal
